{
  "name": "ft_transcendence",
  "lockfileVersion": 3,
  "requires": true,
  "packages": {
    "": {
      "dependencies": {
        "gsap": "^3.12.7",
        "i18next": "^24.2.2",
        "i18next-browser-languagedetector": "^8.0.2"
      },
      "devDependencies": {
        "@types/gsap": "^1.20.2",
        "@types/i18next": "^12.1.0",
        "@types/three": "^0.173.0"
      }
    },
    "node_modules/@babel/runtime": {
      "version": "7.26.9",
      "resolved": "https://registry.npmjs.org/@babel/runtime/-/runtime-7.26.9.tgz",
      "integrity": "sha512-aA63XwOkcl4xxQa3HjPMqOP6LiK0ZDv3mUPYEFXkpHbaFjtGggE1A61FjFzJnB+p7/oy2gA8E+rcBNl/zC1tMg==",
      "license": "MIT",
      "dependencies": {
        "regenerator-runtime": "^0.14.0"
      },
      "engines": {
        "node": ">=6.9.0"
      }
    },
    "node_modules/@tweenjs/tween.js": {
      "version": "23.1.3",
      "resolved": "https://registry.npmjs.org/@tweenjs/tween.js/-/tween.js-23.1.3.tgz",
      "integrity": "sha512-vJmvvwFxYuGnF2axRtPYocag6Clbb5YS7kLL+SO/TeVFzHqDIWrNKYtcsPMibjDx9O+bu+psAy9NKfWklassUA==",
      "dev": true,
      "license": "MIT"
    },
    "node_modules/@types/gsap": {
      "version": "1.20.2",
      "resolved": "https://registry.npmjs.org/@types/gsap/-/gsap-1.20.2.tgz",
      "integrity": "sha512-i9nUsnS32+VTgoX5IlaCYukJpCoB3c6h3bZvO67aIRdb3z8NFTWgeUDpQutLyb1ujowp6nw37qLQNvEowqq8yw==",
      "dev": true,
      "license": "MIT"
    },
    "node_modules/@types/i18next": {
      "version": "12.1.0",
      "resolved": "https://registry.npmjs.org/@types/i18next/-/i18next-12.1.0.tgz",
      "integrity": "sha512-qLyqTkp3ZKHsSoX8CNVYcTyTkxlm0aRCUpaUVetgkSlSpiNCdWryOgaYwgbO04tJIfLgBXPcy0tJ3Nl/RagllA==",
      "dev": true,
      "license": "MIT"
    },
    "node_modules/@types/stats.js": {
      "version": "0.17.3",
      "resolved": "https://registry.npmjs.org/@types/stats.js/-/stats.js-0.17.3.tgz",
      "integrity": "sha512-pXNfAD3KHOdif9EQXZ9deK82HVNaXP5ZIF5RP2QG6OQFNTaY2YIetfrE9t528vEreGQvEPRDDc8muaoYeK0SxQ==",
      "dev": true,
      "license": "MIT"
    },
    "node_modules/@types/three": {
      "version": "0.173.0",
      "resolved": "https://registry.npmjs.org/@types/three/-/three-0.173.0.tgz",
      "integrity": "sha512-KtNjfI/CRB6JVKIVeZM1R3GYDX2wkoV2itNcQu2j4d7qkhjGOuB+s2oF6jl9mztycDLGMtrAnJQYxInC8Bb20A==",
      "dev": true,
      "license": "MIT",
      "dependencies": {
        "@tweenjs/tween.js": "~23.1.3",
        "@types/stats.js": "*",
        "@types/webxr": "*",
        "@webgpu/types": "*",
        "fflate": "~0.8.2",
        "meshoptimizer": "~0.18.1"
      }
    },
    "node_modules/@types/webxr": {
      "version": "0.5.21",
      "resolved": "https://registry.npmjs.org/@types/webxr/-/webxr-0.5.21.tgz",
      "integrity": "sha512-geZIAtLzjGmgY2JUi6VxXdCrTb99A7yP49lxLr2Nm/uIK0PkkxcEi4OGhoGDO4pxCf3JwGz2GiJL2Ej4K2bKaA==",
      "dev": true,
      "license": "MIT"
    },
    "node_modules/@webgpu/types": {
      "version": "0.1.54",
      "resolved": "https://registry.npmjs.org/@webgpu/types/-/types-0.1.54.tgz",
      "integrity": "sha512-81oaalC8LFrXjhsczomEQ0u3jG+TqE6V9QHLA8GNZq/Rnot0KDugu3LhSYSlie8tSdooAN1Hov05asrUUp9qgg==",
      "dev": true,
      "license": "BSD-3-Clause"
    },
    "node_modules/fflate": {
      "version": "0.8.2",
      "resolved": "https://registry.npmjs.org/fflate/-/fflate-0.8.2.tgz",
      "integrity": "sha512-cPJU47OaAoCbg0pBvzsgpTPhmhqI5eJjh/JIu8tPj5q+T7iLvW/JAYUqmE7KOB4R1ZyEhzBaIQpQpardBF5z8A==",
      "dev": true,
      "license": "MIT"
    },
    "node_modules/gsap": {
      "version": "3.12.7",
      "resolved": "https://registry.npmjs.org/gsap/-/gsap-3.12.7.tgz",
      "integrity": "sha512-V4GsyVamhmKefvcAKaoy0h6si0xX7ogwBoBSs2CTJwt7luW0oZzC0LhdkyuKV8PJAXr7Yaj8pMjCKD4GJ+eEMg==",
      "license": "Standard 'no charge' license: https://gsap.com/standard-license. Club GSAP members get more: https://gsap.com/licensing/. Why GreenSock doesn't employ an MIT license: https://gsap.com/why-license/"
    },
    "node_modules/i18next": {
      "version": "24.2.2",
      "resolved": "https://registry.npmjs.org/i18next/-/i18next-24.2.2.tgz",
      "integrity": "sha512-NE6i86lBCKRYZa5TaUDkU5S4HFgLIEJRLr3Whf2psgaxBleQ2LC1YW1Vc+SCgkAW7VEzndT6al6+CzegSUHcTQ==",
      "funding": [
        {
          "type": "individual",
          "url": "https://locize.com"
        },
        {
          "type": "individual",
          "url": "https://locize.com/i18next.html"
        },
        {
          "type": "individual",
          "url": "https://www.i18next.com/how-to/faq#i18next-is-awesome.-how-can-i-support-the-project"
        }
      ],
      "license": "MIT",
      "dependencies": {
        "@babel/runtime": "^7.23.2"
      },
      "peerDependencies": {
        "typescript": "^5"
      },
      "peerDependenciesMeta": {
        "typescript": {
          "optional": true
        }
      }
    },
    "node_modules/i18next-browser-languagedetector": {
      "version": "8.0.4",
      "resolved": "https://registry.npmjs.org/i18next-browser-languagedetector/-/i18next-browser-languagedetector-8.0.4.tgz",
      "integrity": "sha512-f3frU3pIxD50/Tz20zx9TD9HobKYg47fmAETb117GKGPrhwcSSPJDoCposXlVycVebQ9GQohC3Efbpq7/nnJ5w==",
      "license": "MIT",
      "dependencies": {
        "@babel/runtime": "^7.23.2"
      }
    },
    "node_modules/meshoptimizer": {
      "version": "0.18.1",
      "resolved": "https://registry.npmjs.org/meshoptimizer/-/meshoptimizer-0.18.1.tgz",
      "integrity": "sha512-ZhoIoL7TNV4s5B6+rx5mC//fw8/POGyNxS/DZyCJeiZ12ScLfVwRE/GfsxwiTkMYYD5DmK2/JXnEVXqL4rF+Sw==",
      "dev": true,
      "license": "MIT"
    },
    "node_modules/regenerator-runtime": {
      "version": "0.14.1",
      "resolved": "https://registry.npmjs.org/regenerator-runtime/-/regenerator-runtime-0.14.1.tgz",
      "integrity": "sha512-dYnhHh0nJoMfnkZs6GmmhFknAGRrLznOu5nc9ML+EJxGvrx6H7teuevqVqCuPcPK//3eDrrjQhehXVx9cnkGdw==",
      "license": "MIT"
    }
  }
}
